
Microsoft Visual Studio Solution File, Format Version 12.00
# Visual Studio Version 16
VisualStudioVersion = 16.0.30804.86
MinimumVisualStudioVersion = 10.0.40219.1
Project("{2150E333-8FDC-42A3-9474-1A3956D46DE8}") = "Apps", "Apps", "{C83C800C-AF2F-4412-8579-D2EB13FEFF36}"
EndProject
Project("{9A19103F-16F7-4668-BE54-9A1E7A4F7556}") = "HightechAngular.Web", "Apps\HightechAngular.Web\HightechAngular.Web.csproj", "{E3752432-B129-4DD3-BA40-61A7C7A8BD06}"
EndProject
Project("{2150E333-8FDC-42A3-9474-1A3956D46DE8}") = "Libs", "Libs", "{0FF4290E-5A6D-4EED-8C3C-134A5391E2E2}"
EndProject
Project("{9A19103F-16F7-4668-BE54-9A1E7A4F7556}") = "Infrastructure", "infrastructure\Infrastructure\Infrastructure.csproj", "{46DE6BAA-2B69-4E9D-82F6-9AB2EDC72693}"
EndProject
Project("{9A19103F-16F7-4668-BE54-9A1E7A4F7556}") = "SwaggerSchema", "infrastructure\SwaggerSchema\SwaggerSchema.csproj", "{56A79706-420B-4AEF-8D9F-AD3443906F69}"
EndProject
Project("{2150E333-8FDC-42A3-9474-1A3956D46DE8}") = "Modules", "Modules", "{BE1CFAE4-9460-49AD-8DD0-916674B5073E}"
EndProject
Project("{2150E333-8FDC-42A3-9474-1A3956D46DE8}") = "Data", "Data", "{B942BF75-A657-40B8-BAFC-45933353A018}"
EndProject
Project("{9A19103F-16F7-4668-BE54-9A1E7A4F7556}") = "HightechAngular.Core", "HightechAngular.Core\HightechAngular.Core.csproj", "{41AC664D-8E4C-464F-A598-5E9B923BAB27}"
EndProject
Project("{9A19103F-16F7-4668-BE54-9A1E7A4F7556}") = "HightechAngular.Identity", "HightechAngular.Identity\HightechAngular.Identity.csproj", "{6A436EA7-29D9-4760-B395-B2EF017A70FE}"
EndProject
Project("{9A19103F-16F7-4668-BE54-9A1E7A4F7556}") = "HightechAngular.Admin", "HightechAngular.Admin\HightechAngular.Admin.csproj", "{3FE56299-2F3F-4618-8F57-8AE798F4A091}"
EndProject
Project("{9A19103F-16F7-4668-BE54-9A1E7A4F7556}") = "HightechAngular.Shop", "HightechAngular.Shop\HightechAngular.Shop.csproj", "{B6022F5B-34F4-4CFC-BFB9-913C16A1DD2D}"
EndProject
Project("{9A19103F-16F7-4668-BE54-9A1E7A4F7556}") = "HightechAngular.Data", "HightechAngular.Data\HightechAngular.Data.csproj", "{76381E60-48B2-47DA-BADF-90E42E7147E4}"
EndProject
Project("{9A19103F-16F7-4668-BE54-9A1E7A4F7556}") = "WorkerService", "Apps\WorkerService\WorkerService.csproj", "{7DC3A1CA-FEE6-41C1-9667-5910719FE3E9}"
EndProject
Project("{2150E333-8FDC-42A3-9474-1A3956D46DE8}") = "Docker", "Docker", "{0D26B0F4-137E-424E-BE76-27DD22FD6485}"
	ProjectSection(SolutionItems) = preProject
		docker-compose.yml = docker-compose.yml
		Dockerfile = Dockerfile
	EndProjectSection
EndProject
Global
	GlobalSection(SolutionConfigurationPlatforms) = preSolution
		Debug|Any CPU = Debug|Any CPU
		Release|Any CPU = Release|Any CPU
	EndGlobalSection
	GlobalSection(ProjectConfigurationPlatforms) = postSolution
		{E3752432-B129-4DD3-BA40-61A7C7A8BD06}.Debug|Any CPU.ActiveCfg = Debug|Any CPU
		{E3752432-B129-4DD3-BA40-61A7C7A8BD06}.Debug|Any CPU.Build.0 = Debug|Any CPU
		{E3752432-B129-4DD3-BA40-61A7C7A8BD06}.Release|Any CPU.ActiveCfg = Release|Any CPU
		{E3752432-B129-4DD3-BA40-61A7C7A8BD06}.Release|Any CPU.Build.0 = Release|Any CPU
		{46DE6BAA-2B69-4E9D-82F6-9AB2EDC72693}.Debug|Any CPU.ActiveCfg = Debug|Any CPU
		{46DE6BAA-2B69-4E9D-82F6-9AB2EDC72693}.Debug|Any CPU.Build.0 = Debug|Any CPU
		{46DE6BAA-2B69-4E9D-82F6-9AB2EDC72693}.Release|Any CPU.ActiveCfg = Release|Any CPU
		{46DE6BAA-2B69-4E9D-82F6-9AB2EDC72693}.Release|Any CPU.Build.0 = Release|Any CPU
		{56A79706-420B-4AEF-8D9F-AD3443906F69}.Debug|Any CPU.ActiveCfg = Debug|Any CPU
		{56A79706-420B-4AEF-8D9F-AD3443906F69}.Debug|Any CPU.Build.0 = Debug|Any CPU
		{56A79706-420B-4AEF-8D9F-AD3443906F69}.Release|Any CPU.ActiveCfg = Release|Any CPU
		{56A79706-420B-4AEF-8D9F-AD3443906F69}.Release|Any CPU.Build.0 = Release|Any CPU
		{41AC664D-8E4C-464F-A598-5E9B923BAB27}.Debug|Any CPU.ActiveCfg = Debug|Any CPU
		{41AC664D-8E4C-464F-A598-5E9B923BAB27}.Debug|Any CPU.Build.0 = Debug|Any CPU
		{41AC664D-8E4C-464F-A598-5E9B923BAB27}.Release|Any CPU.ActiveCfg = Release|Any CPU
		{41AC664D-8E4C-464F-A598-5E9B923BAB27}.Release|Any CPU.Build.0 = Release|Any CPU
		{6A436EA7-29D9-4760-B395-B2EF017A70FE}.Debug|Any CPU.ActiveCfg = Debug|Any CPU
		{6A436EA7-29D9-4760-B395-B2EF017A70FE}.Debug|Any CPU.Build.0 = Debug|Any CPU
		{6A436EA7-29D9-4760-B395-B2EF017A70FE}.Release|Any CPU.ActiveCfg = Release|Any CPU
		{6A436EA7-29D9-4760-B395-B2EF017A70FE}.Release|Any CPU.Build.0 = Release|Any CPU
		{3FE56299-2F3F-4618-8F57-8AE798F4A091}.Debug|Any CPU.ActiveCfg = Debug|Any CPU
		{3FE56299-2F3F-4618-8F57-8AE798F4A091}.Debug|Any CPU.Build.0 = Debug|Any CPU
		{3FE56299-2F3F-4618-8F57-8AE798F4A091}.Release|Any CPU.ActiveCfg = Release|Any CPU
		{3FE56299-2F3F-4618-8F57-8AE798F4A091}.Release|Any CPU.Build.0 = Release|Any CPU
		{B6022F5B-34F4-4CFC-BFB9-913C16A1DD2D}.Debug|Any CPU.ActiveCfg = Debug|Any CPU
		{B6022F5B-34F4-4CFC-BFB9-913C16A1DD2D}.Debug|Any CPU.Build.0 = Debug|Any CPU
		{B6022F5B-34F4-4CFC-BFB9-913C16A1DD2D}.Release|Any CPU.ActiveCfg = Release|Any CPU
		{B6022F5B-34F4-4CFC-BFB9-913C16A1DD2D}.Release|Any CPU.Build.0 = Release|Any CPU
		{76381E60-48B2-47DA-BADF-90E42E7147E4}.Debug|Any CPU.ActiveCfg = Debug|Any CPU
		{76381E60-48B2-47DA-BADF-90E42E7147E4}.Debug|Any CPU.Build.0 = Debug|Any CPU
		{76381E60-48B2-47DA-BADF-90E42E7147E4}.Release|Any CPU.ActiveCfg = Release|Any CPU
		{76381E60-48B2-47DA-BADF-90E42E7147E4}.Release|Any CPU.Build.0 = Release|Any CPU
		{7DC3A1CA-FEE6-41C1-9667-5910719FE3E9}.Debug|Any CPU.ActiveCfg = Debug|Any CPU
		{7DC3A1CA-FEE6-41C1-9667-5910719FE3E9}.Debug|Any CPU.Build.0 = Debug|Any CPU
		{7DC3A1CA-FEE6-41C1-9667-5910719FE3E9}.Release|Any CPU.ActiveCfg = Release|Any CPU
		{7DC3A1CA-FEE6-41C1-9667-5910719FE3E9}.Release|Any CPU.Build.0 = Release|Any CPU
	EndGlobalSection
	GlobalSection(SolutionProperties) = preSolution
		HideSolutionNode = FALSE
	EndGlobalSection
	GlobalSection(NestedProjects) = preSolution
		{E3752432-B129-4DD3-BA40-61A7C7A8BD06} = {C83C800C-AF2F-4412-8579-D2EB13FEFF36}
		{46DE6BAA-2B69-4E9D-82F6-9AB2EDC72693} = {0FF4290E-5A6D-4EED-8C3C-134A5391E2E2}
		{56A79706-420B-4AEF-8D9F-AD3443906F69} = {0FF4290E-5A6D-4EED-8C3C-134A5391E2E2}
		{41AC664D-8E4C-464F-A598-5E9B923BAB27} = {BE1CFAE4-9460-49AD-8DD0-916674B5073E}
		{6A436EA7-29D9-4760-B395-B2EF017A70FE} = {BE1CFAE4-9460-49AD-8DD0-916674B5073E}
		{3FE56299-2F3F-4618-8F57-8AE798F4A091} = {BE1CFAE4-9460-49AD-8DD0-916674B5073E}
		{B6022F5B-34F4-4CFC-BFB9-913C16A1DD2D} = {BE1CFAE4-9460-49AD-8DD0-916674B5073E}
		{76381E60-48B2-47DA-BADF-90E42E7147E4} = {B942BF75-A657-40B8-BAFC-45933353A018}
		{7DC3A1CA-FEE6-41C1-9667-5910719FE3E9} = {C83C800C-AF2F-4412-8579-D2EB13FEFF36}
	EndGlobalSection
	GlobalSection(ExtensibilityGlobals) = postSolution
		SolutionGuid = {33F3978B-A532-4C71-B820-4471E6B3F3C2}
	EndGlobalSection
EndGlobal
